
Microsoft Visual Studio Solution File, Format Version 12.00
# Visual Studio 14
VisualStudioVersion = 14.0.25420.1
MinimumVisualStudioVersion = 10.0.40219.1
Project("{8BC9CEB8-8B4A-11D0-8D11-00A0C91BC942}") = "ImageReading", "ImageReading\ImageReading.vcxproj", "{63FE3DFF-6A1E-45DE-AF19-F4D2B8E44ADD}"
EndProject
Project("{8BC9CEB8-8B4A-11D0-8D11-00A0C91BC942}") = "HistogramEqualization", "HistogramEqualization\HistogramEqualization.vcxproj", "{5F6DB850-8C05-4633-A0FA-17A78CF906CD}"
EndProject
Project("{8BC9CEB8-8B4A-11D0-8D11-00A0C91BC942}") = "trackbar", "..\trackbar\trackbar.vcxproj", "{A7FD5D0C-FF46-4B2E-A8DD-4B512F383B43}"
EndProject
Project("{8BC9CEB8-8B4A-11D0-8D11-00A0C91BC942}") = "PictureSegmentation", "..\PictureSegmentation\PictureSegmentation.vcxproj", "{E04417DB-C84C-4324-A41D-CEF3C23868D8}"
EndProject
Global
	GlobalSection(SolutionConfigurationPlatforms) = preSolution
		Debug|x64 = Debug|x64
		Debug|x86 = Debug|x86
		Release|x64 = Release|x64
		Release|x86 = Release|x86
	EndGlobalSection
	GlobalSection(ProjectConfigurationPlatforms) = postSolution
		{63FE3DFF-6A1E-45DE-AF19-F4D2B8E44ADD}.Debug|x64.ActiveCfg = Debug|x64
		{63FE3DFF-6A1E-45DE-AF19-F4D2B8E44ADD}.Debug|x64.Build.0 = Debug|x64
		{63FE3DFF-6A1E-45DE-AF19-F4D2B8E44ADD}.Debug|x86.ActiveCfg = Debug|Win32
		{63FE3DFF-6A1E-45DE-AF19-F4D2B8E44ADD}.Debug|x86.Build.0 = Debug|Win32
		{63FE3DFF-6A1E-45DE-AF19-F4D2B8E44ADD}.Release|x64.ActiveCfg = Release|x64
		{63FE3DFF-6A1E-45DE-AF19-F4D2B8E44ADD}.Release|x64.Build.0 = Release|x64
		{63FE3DFF-6A1E-45DE-AF19-F4D2B8E44ADD}.Release|x86.ActiveCfg = Release|Win32
		{63FE3DFF-6A1E-45DE-AF19-F4D2B8E44ADD}.Release|x86.Build.0 = Release|Win32
		{5F6DB850-8C05-4633-A0FA-17A78CF906CD}.Debug|x64.ActiveCfg = Debug|x64
		{5F6DB850-8C05-4633-A0FA-17A78CF906CD}.Debug|x64.Build.0 = Debug|x64
		{5F6DB850-8C05-4633-A0FA-17A78CF906CD}.Debug|x86.ActiveCfg = Debug|Win32
		{5F6DB850-8C05-4633-A0FA-17A78CF906CD}.Debug|x86.Build.0 = Debug|Win32
		{5F6DB850-8C05-4633-A0FA-17A78CF906CD}.Release|x64.ActiveCfg = Release|x64
		{5F6DB850-8C05-4633-A0FA-17A78CF906CD}.Release|x64.Build.0 = Release|x64
		{5F6DB850-8C05-4633-A0FA-17A78CF906CD}.Release|x86.ActiveCfg = Release|Win32
		{5F6DB850-8C05-4633-A0FA-17A78CF906CD}.Release|x86.Build.0 = Release|Win32
		{A7FD5D0C-FF46-4B2E-A8DD-4B512F383B43}.Debug|x64.ActiveCfg = Debug|x64
		{A7FD5D0C-FF46-4B2E-A8DD-4B512F383B43}.Debug|x64.Build.0 = Debug|x64
		{A7FD5D0C-FF46-4B2E-A8DD-4B512F383B43}.Debug|x86.ActiveCfg = Debug|Win32
		{A7FD5D0C-FF46-4B2E-A8DD-4B512F383B43}.Debug|x86.Build.0 = Debug|Win32
		{A7FD5D0C-FF46-4B2E-A8DD-4B512F383B43}.Release|x64.ActiveCfg = Release|x64
		{A7FD5D0C-FF46-4B2E-A8DD-4B512F383B43}.Release|x64.Build.0 = Release|x64
		{A7FD5D0C-FF46-4B2E-A8DD-4B512F383B43}.Release|x86.ActiveCfg = Release|Win32
		{A7FD5D0C-FF46-4B2E-A8DD-4B512F383B43}.Release|x86.Build.0 = Release|Win32
		{E04417DB-C84C-4324-A41D-CEF3C23868D8}.Debug|x64.ActiveCfg = Debug|x64
		{E04417DB-C84C-4324-A41D-CEF3C23868D8}.Debug|x64.Build.0 = Debug|x64
		{E04417DB-C84C-4324-A41D-CEF3C23868D8}.Debug|x86.ActiveCfg = Debug|Win32
		{E04417DB-C84C-4324-A41D-CEF3C23868D8}.Debug|x86.Build.0 = Debug|Win32
		{E04417DB-C84C-4324-A41D-CEF3C23868D8}.Release|x64.ActiveCfg = Release|x64
		{E04417DB-C84C-4324-A41D-CEF3C23868D8}.Release|x64.Build.0 = Release|x64
		{E04417DB-C84C-4324-A41D-CEF3C23868D8}.Release|x86.ActiveCfg = Release|Win32
		{E04417DB-C84C-4324-A41D-CEF3C23868D8}.Release|x86.Build.0 = Release|Win32
	EndGlobalSection
	GlobalSection(SolutionProperties) = preSolution
		HideSolutionNode = FALSE
	EndGlobalSection
EndGlobal
